
Microsoft Visual Studio Solution File, Format Version 12.00
# Visual Studio Version 16
VisualStudioVersion = 16.0.30204.135
MinimumVisualStudioVersion = 10.0.40219.1
Project("{FAE04EC0-301F-11D3-BF4B-00C04F79EFBC}") = "DB_Component", "DB_Component\DB_Component.csproj", "{3DA299A5-BCCF-46B6-AFE4-5E770F786ACF}"
EndProject
Global
	GlobalSection(SolutionConfigurationPlatforms) = preSolution
		Debug|Any CPU = Debug|Any CPU
		Release|Any CPU = Release|Any CPU
	EndGlobalSection
	GlobalSection(ProjectConfigurationPlatforms) = postSolution
		{3DA299A5-BCCF-46B6-AFE4-5E770F786ACF}.Debug|Any CPU.ActiveCfg = Debug|Any CPU
		{3DA299A5-BCCF-46B6-AFE4-5E770F786ACF}.Debug|Any CPU.Build.0 = Debug|Any CPU
		{3DA299A5-BCCF-46B6-AFE4-5E770F786ACF}.Release|Any CPU.ActiveCfg = Release|Any CPU
		{3DA299A5-BCCF-46B6-AFE4-5E770F786ACF}.Release|Any CPU.Build.0 = Release|Any CPU
	EndGlobalSection
	GlobalSection(SolutionProperties) = preSolution
		HideSolutionNode = FALSE
	EndGlobalSection
	GlobalSection(ExtensibilityGlobals) = postSolution
		SolutionGuid = {23972159-3471-4E04-A49E-FF6C8B117816}
	EndGlobalSection
EndGlobal
